
Microsoft Visual Studio Solution File, Format Version 12.00
# Visual Studio Version 17
VisualStudioVersion = 17.5.33516.290
MinimumVisualStudioVersion = 10.0.40219.1
Project("{FAE04EC0-301F-11D3-BF4B-00C04F79EFBC}") = "02. Football Betting", "02. Football Betting\02. Football Betting.csproj", "{FD24F121-8FE8-4B27-A32D-B5182A90E63D}"
EndProject
Project("{FAE04EC0-301F-11D3-BF4B-00C04F79EFBC}") = "P02_FootballBetting", "P02_FootballBetting\P02_FootballBetting.csproj", "{EF471ACA-DF13-428B-9238-A074E9B425E1}"
EndProject
Project("{FAE04EC0-301F-11D3-BF4B-00C04F79EFBC}") = "P02_FootballBetting.Data", "P02_FootballBetting.Data\P02_FootballBetting.Data.csproj", "{45FD8934-693E-4EE8-8719-343C9E5492D2}"
EndProject
Project("{FAE04EC0-301F-11D3-BF4B-00C04F79EFBC}") = "P02_FootballBetting.Data.Models", "P02_FootballBetting.Data.Models\P02_FootballBetting.Data.Models.csproj", "{35E1F2CF-B121-4A1B-9C20-A7F8DAB7BC12}"
EndProject
Project("{FAE04EC0-301F-11D3-BF4B-00C04F79EFBC}") = "P02_FootballBetting.Data.Common", "P02_FootballBetting.Data.Common\P02_FootballBetting.Data.Common.csproj", "{E163A2BC-E9EE-4F79-9538-A5C8AFC45670}"
EndProject
Global
	GlobalSection(SolutionConfigurationPlatforms) = preSolution
		Debug|Any CPU = Debug|Any CPU
		Release|Any CPU = Release|Any CPU
	EndGlobalSection
	GlobalSection(ProjectConfigurationPlatforms) = postSolution
		{FD24F121-8FE8-4B27-A32D-B5182A90E63D}.Debug|Any CPU.ActiveCfg = Debug|Any CPU
		{FD24F121-8FE8-4B27-A32D-B5182A90E63D}.Debug|Any CPU.Build.0 = Debug|Any CPU
		{FD24F121-8FE8-4B27-A32D-B5182A90E63D}.Release|Any CPU.ActiveCfg = Release|Any CPU
		{FD24F121-8FE8-4B27-A32D-B5182A90E63D}.Release|Any CPU.Build.0 = Release|Any CPU
		{EF471ACA-DF13-428B-9238-A074E9B425E1}.Debug|Any CPU.ActiveCfg = Debug|Any CPU
		{EF471ACA-DF13-428B-9238-A074E9B425E1}.Debug|Any CPU.Build.0 = Debug|Any CPU
		{EF471ACA-DF13-428B-9238-A074E9B425E1}.Release|Any CPU.ActiveCfg = Release|Any CPU
		{EF471ACA-DF13-428B-9238-A074E9B425E1}.Release|Any CPU.Build.0 = Release|Any CPU
		{45FD8934-693E-4EE8-8719-343C9E5492D2}.Debug|Any CPU.ActiveCfg = Debug|Any CPU
		{45FD8934-693E-4EE8-8719-343C9E5492D2}.Debug|Any CPU.Build.0 = Debug|Any CPU
		{45FD8934-693E-4EE8-8719-343C9E5492D2}.Release|Any CPU.ActiveCfg = Release|Any CPU
		{45FD8934-693E-4EE8-8719-343C9E5492D2}.Release|Any CPU.Build.0 = Release|Any CPU
		{35E1F2CF-B121-4A1B-9C20-A7F8DAB7BC12}.Debug|Any CPU.ActiveCfg = Debug|Any CPU
		{35E1F2CF-B121-4A1B-9C20-A7F8DAB7BC12}.Debug|Any CPU.Build.0 = Debug|Any CPU
		{35E1F2CF-B121-4A1B-9C20-A7F8DAB7BC12}.Release|Any CPU.ActiveCfg = Release|Any CPU
		{35E1F2CF-B121-4A1B-9C20-A7F8DAB7BC12}.Release|Any CPU.Build.0 = Release|Any CPU
		{E163A2BC-E9EE-4F79-9538-A5C8AFC45670}.Debug|Any CPU.ActiveCfg = Debug|Any CPU
		{E163A2BC-E9EE-4F79-9538-A5C8AFC45670}.Debug|Any CPU.Build.0 = Debug|Any CPU
		{E163A2BC-E9EE-4F79-9538-A5C8AFC45670}.Release|Any CPU.ActiveCfg = Release|Any CPU
		{E163A2BC-E9EE-4F79-9538-A5C8AFC45670}.Release|Any CPU.Build.0 = Release|Any CPU
	EndGlobalSection
	GlobalSection(SolutionProperties) = preSolution
		HideSolutionNode = FALSE
	EndGlobalSection
	GlobalSection(ExtensibilityGlobals) = postSolution
		SolutionGuid = {02F1E639-05A3-4F00-B6A6-9DED94352FF9}
	EndGlobalSection
EndGlobal
