
Microsoft Visual Studio Solution File, Format Version 12.00
# Visual Studio Version 17
VisualStudioVersion = 17.5.33516.290
MinimumVisualStudioVersion = 10.0.40219.1
Project("{9A19103F-16F7-4668-BE54-9A1E7A4F7556}") = "ProductShop", "ProductShop.csproj", "{514EE073-6010-43DC-BCC7-DA2B61911AAB}"
EndProject
Global
	GlobalSection(SolutionConfigurationPlatforms) = preSolution
		Debug|Any CPU = Debug|Any CPU
		Release|Any CPU = Release|Any CPU
	EndGlobalSection
	GlobalSection(ProjectConfigurationPlatforms) = postSolution
		{514EE073-6010-43DC-BCC7-DA2B61911AAB}.Debug|Any CPU.ActiveCfg = Debug|Any CPU
		{514EE073-6010-43DC-BCC7-DA2B61911AAB}.Debug|Any CPU.Build.0 = Debug|Any CPU
		{514EE073-6010-43DC-BCC7-DA2B61911AAB}.Release|Any CPU.ActiveCfg = Release|Any CPU
		{514EE073-6010-43DC-BCC7-DA2B61911AAB}.Release|Any CPU.Build.0 = Release|Any CPU
	EndGlobalSection
	GlobalSection(SolutionProperties) = preSolution
		HideSolutionNode = FALSE
	EndGlobalSection
	GlobalSection(ExtensibilityGlobals) = postSolution
		SolutionGuid = {982D8024-D55F-4A52-89C6-D9B7971C312D}
	EndGlobalSection
EndGlobal
